
Microsoft Visual Studio Solution File, Format Version 12.00
# Visual Studio Version 17
VisualStudioVersion = 17.1.32228.430
MinimumVisualStudioVersion = 10.0.40219.1
Project("{FAE04EC0-301F-11D3-BF4B-00C04F79EFBC}") = "NetworkLog", "NetworkLog\NetworkLog.csproj", "{5ABEA6A5-52B4-407C-8B92-105132D63F19}"
EndProject
Project("{FAE04EC0-301F-11D3-BF4B-00C04F79EFBC}") = "ConsoleApp1", "ConsoleApp1\ConsoleApp1.csproj", "{C615838F-AFAB-44A6-A637-8AE3E537C5ED}"
EndProject
Global
	GlobalSection(SolutionConfigurationPlatforms) = preSolution
		Debug|Any CPU = Debug|Any CPU
		Release|Any CPU = Release|Any CPU
	EndGlobalSection
	GlobalSection(ProjectConfigurationPlatforms) = postSolution
		{5ABEA6A5-52B4-407C-8B92-105132D63F19}.Debug|Any CPU.ActiveCfg = Debug|Any CPU
		{5ABEA6A5-52B4-407C-8B92-105132D63F19}.Debug|Any CPU.Build.0 = Debug|Any CPU
		{5ABEA6A5-52B4-407C-8B92-105132D63F19}.Release|Any CPU.ActiveCfg = Release|Any CPU
		{5ABEA6A5-52B4-407C-8B92-105132D63F19}.Release|Any CPU.Build.0 = Release|Any CPU
		{C615838F-AFAB-44A6-A637-8AE3E537C5ED}.Debug|Any CPU.ActiveCfg = Debug|Any CPU
		{C615838F-AFAB-44A6-A637-8AE3E537C5ED}.Debug|Any CPU.Build.0 = Debug|Any CPU
		{C615838F-AFAB-44A6-A637-8AE3E537C5ED}.Release|Any CPU.ActiveCfg = Release|Any CPU
		{C615838F-AFAB-44A6-A637-8AE3E537C5ED}.Release|Any CPU.Build.0 = Release|Any CPU
	EndGlobalSection
	GlobalSection(SolutionProperties) = preSolution
		HideSolutionNode = FALSE
	EndGlobalSection
	GlobalSection(ExtensibilityGlobals) = postSolution
		SolutionGuid = {0CD38149-F107-45E7-AE1A-516C74F47451}
	EndGlobalSection
EndGlobal
